// !$*UTF8*$!
{
	archiveVersion = 1;
	classes = {
	};
	objectVersion = 77;
	objects = {

/* Begin PBXBuildFile section */
		049B0707E33317B12AE8B873 /* Assets.xcassets in Resources */ = {isa = PBXBuildFile; fileRef = 8B0B7F3582C8C6F36EC2E23B /* Assets.xcassets */; };
		0E8C33E8CF94EBEEBB7581C5 /* JitsiMedia in Frameworks */ = {isa = PBXBuildFile; productRef = D1C05CC97547E3D084834834 /* JitsiMedia */; };
		11FABCE32120FA88F62D0B66 /* SampleUploader.swift in Sources */ = {isa = PBXBuildFile; fileRef = 6CF4ABBA402C90522AE89350 /* SampleUploader.swift */; };
		2097FAD13E0FF954E0D1A9FF /* PollsPanel.swift in Sources */ = {isa = PBXBuildFile; fileRef = 3CD0E97233746E8E30D1B33D /* PollsPanel.swift */; };
		252B380B1E0F6831D3FFB5B5 /* MeetingHub.swift in Sources */ = {isa = PBXBuildFile; fileRef = BBEB4F7C9A8C2B066969F316 /* MeetingHub.swift */; };
		2A4AB97D81B6F1DDCEEF2FE8 /* JoinView.swift in Sources */ = {isa = PBXBuildFile; fileRef = E4A1842D7AEACAA5C83BD5BD /* JoinView.swift */; };
		2CA2D21263D4944E831AEC05 /* MeetingConfiguration.swift in Sources */ = {isa = PBXBuildFile; fileRef = 5498238E43B4CDE66DC56656 /* MeetingConfiguration.swift */; };
		2CF021767085A0FEF44C2393 /* DarwinNotificationCenter.swift in Sources */ = {isa = PBXBuildFile; fileRef = 710F14230F532246B2D7BEAA /* DarwinNotificationCenter.swift */; };
		3AC7F4262007860171A451F6 /* MeetingController.swift in Sources */ = {isa = PBXBuildFile; fileRef = 570BA7976AA9D8EC8251C514 /* MeetingController.swift */; };
		432E5BEC316DEF6417DA3781 /* MeetingControlBar.swift in Sources */ = {isa = PBXBuildFile; fileRef = 19074360D5D558EF60955DBD /* MeetingControlBar.swift */; };
		462CC651A92FED8750F6586C /* JitsiMeetSDK in Frameworks */ = {isa = PBXBuildFile; platformFilters = (ios, ); productRef = EE53558E2CBC14575E6E1CE4 /* JitsiMeetSDK */; };
		5BA33D29762719668331175D /* PlatformMeetingSurface.swift in Sources */ = {isa = PBXBuildFile; fileRef = 3A654D993AED191B14922972 /* PlatformMeetingSurface.swift */; };
		60531943B3842581B8FD0B0C /* SangamBroadcastExtension.appex in Embed Foundation Extensions */ = {isa = PBXBuildFile; fileRef = 0F43CEDFACF4E584D9316019 /* SangamBroadcastExtension.appex */; platformFilters = (ios, ); settings = {ATTRIBUTES = (RemoveHeadersOnCopy, ); }; };
		634766FAB30DD092BF8E5B04 /* PictureInPicture.swift in Sources */ = {isa = PBXBuildFile; fileRef = D92020D258073CA69E8B28E7 /* PictureInPicture.swift */; };
		65DD302DB8DCE3568F6F64C0 /* NativeMeetingSurface.swift in Sources */ = {isa = PBXBuildFile; fileRef = 6CFDD0ACBD1724A2A5DB4DBC /* NativeMeetingSurface.swift */; };
		86DDF0ACBE53A67CBEF2AFC2 /* AppSettings.swift in Sources */ = {isa = PBXBuildFile; fileRef = 193A237959FDD9FC7F773DFC /* AppSettings.swift */; };
		88FDB53321D1DDAD7322DBBF /* SocketConnection.swift in Sources */ = {isa = PBXBuildFile; fileRef = 98A2F3B310FD32E4E08810A8 /* SocketConnection.swift */; };
		8A41E847CA299F6D5566466D /* JitsiNativeCore in Frameworks */ = {isa = PBXBuildFile; productRef = 302E109F2207DCC9D637AAAB /* JitsiNativeCore */; };
		9B90CB41CDB264585024AD6F /* MacScreenShareController.swift in Sources */ = {isa = PBXBuildFile; fileRef = 5C87E2777CF1ACC3EA7731E2 /* MacScreenShareController.swift */; };
		9BDDCC110A2DBAF995A4BE31 /* SangamApp.swift in Sources */ = {isa = PBXBuildFile; fileRef = 9281FDC1DCBFB690D23631E7 /* SangamApp.swift */; };
		A20421A69544D4E3E835FD5F /* CallSessionManager.swift in Sources */ = {isa = PBXBuildFile; fileRef = C55AB411F65CE07234B0FF28 /* CallSessionManager.swift */; };
		CCE6710DC4171CF48B6568ED /* MeetingSounds.swift in Sources */ = {isa = PBXBuildFile; fileRef = E010A4D7D521AEE84209E08C /* MeetingSounds.swift */; };
		D351A4DE90E9B5D5424A6C02 /* RootView.swift in Sources */ = {isa = PBXBuildFile; fileRef = B0C991D47AFD16CAABED8B8D /* RootView.swift */; };
		D7E76F21778BED4F9B91B79E /* JitsiConference in Frameworks */ = {isa = PBXBuildFile; productRef = B5F82B81FB7A40EBD4529E7A /* JitsiConference */; };
		E041F8DB12FF01E298E96A9F /* MeetingView.swift in Sources */ = {isa = PBXBuildFile; fileRef = 97B74C1C95D53382ACA4E38A /* MeetingView.swift */; };
		E8AA804C52E2CD45BF63C563 /* SampleHandler.swift in Sources */ = {isa = PBXBuildFile; fileRef = 8781C36A5DED9919CB53A627 /* SampleHandler.swift */; };
		FBE603DE784F084E0EF8204A /* ReplayKitFrameReceiver.swift in Sources */ = {isa = PBXBuildFile; fileRef = 60B69BC7F196A3DCB70124DC /* ReplayKitFrameReceiver.swift */; };
/* End PBXBuildFile section */

/* Begin PBXContainerItemProxy section */
		D253C9655C09188F4594F52D /* PBXContainerItemProxy */ = {
			isa = PBXContainerItemProxy;
			containerPortal = 9068F62ED80BE3FE5C336CD9 /* Project object */;
			proxyType = 1;
			remoteGlobalIDString = 5244E52F5F3BB4C8D1373101;
			remoteInfo = SangamBroadcastExtension;
		};
/* End PBXContainerItemProxy section */

/* Begin PBXCopyFilesBuildPhase section */
		ED7DDE3C3E5838AA5C07908C /* Embed Foundation Extensions */ = {
			isa = PBXCopyFilesBuildPhase;
			buildActionMask = 2147483647;
			dstPath = "";
			dstSubfolderSpec = 13;
			files = (
				60531943B3842581B8FD0B0C /* SangamBroadcastExtension.appex in Embed Foundation Extensions */,
			);
			name = "Embed Foundation Extensions";
			runOnlyForDeploymentPostprocessing = 0;
		};
/* End PBXCopyFilesBuildPhase section */

/* Begin PBXFileReference section */
		0F43CEDFACF4E584D9316019 /* SangamBroadcastExtension.appex */ = {isa = PBXFileReference; includeInIndex = 0; lastKnownFileType = "wrapper.app-extension"; path = SangamBroadcastExtension.appex; sourceTree = BUILT_PRODUCTS_DIR; };
		19074360D5D558EF60955DBD /* MeetingControlBar.swift */ = {isa = PBXFileReference; lastKnownFileType = sourcecode.swift; path = MeetingControlBar.swift; sourceTree = "<group>"; };
		193A237959FDD9FC7F773DFC /* AppSettings.swift */ = {isa = PBXFileReference; lastKnownFileType = sourcecode.swift; path = AppSettings.swift; sourceTree = "<group>"; };
		3A654D993AED191B14922972 /* PlatformMeetingSurface.swift */ = {isa = PBXFileReference; lastKnownFileType = sourcecode.swift; path = PlatformMeetingSurface.swift; sourceTree = "<group>"; };
		3CD0E97233746E8E30D1B33D /* PollsPanel.swift */ = {isa = PBXFileReference; lastKnownFileType = sourcecode.swift; path = PollsPanel.swift; sourceTree = "<group>"; };
		5498238E43B4CDE66DC56656 /* MeetingConfiguration.swift */ = {isa = PBXFileReference; lastKnownFileType = sourcecode.swift; path = MeetingConfiguration.swift; sourceTree = "<group>"; };
		54B8FE7F270AED4C563B90C0 /* SangamBroadcastExtension.entitlements */ = {isa = PBXFileReference; lastKnownFileType = text.plist.entitlements; path = SangamBroadcastExtension.entitlements; sourceTree = "<group>"; };
		570BA7976AA9D8EC8251C514 /* MeetingController.swift */ = {isa = PBXFileReference; lastKnownFileType = sourcecode.swift; path = MeetingController.swift; sourceTree = "<group>"; };
		5C87E2777CF1ACC3EA7731E2 /* MacScreenShareController.swift */ = {isa = PBXFileReference; lastKnownFileType = sourcecode.swift; path = MacScreenShareController.swift; sourceTree = "<group>"; };
		60B69BC7F196A3DCB70124DC /* ReplayKitFrameReceiver.swift */ = {isa = PBXFileReference; lastKnownFileType = sourcecode.swift; path = ReplayKitFrameReceiver.swift; sourceTree = "<group>"; };
		6C47228AA0D89D0A9C78F5E5 /* JitsiNativeCore */ = {isa = PBXFileReference; lastKnownFileType = folder; name = JitsiNativeCore; path = ../packages/JitsiNativeCore; sourceTree = SOURCE_ROOT; };
		6CF4ABBA402C90522AE89350 /* SampleUploader.swift */ = {isa = PBXFileReference; lastKnownFileType = sourcecode.swift; path = SampleUploader.swift; sourceTree = "<group>"; };
		6CFDD0ACBD1724A2A5DB4DBC /* NativeMeetingSurface.swift */ = {isa = PBXFileReference; lastKnownFileType = sourcecode.swift; path = NativeMeetingSurface.swift; sourceTree = "<group>"; };
		710F14230F532246B2D7BEAA /* DarwinNotificationCenter.swift */ = {isa = PBXFileReference; lastKnownFileType = sourcecode.swift; path = DarwinNotificationCenter.swift; sourceTree = "<group>"; };
		8781C36A5DED9919CB53A627 /* SampleHandler.swift */ = {isa = PBXFileReference; lastKnownFileType = sourcecode.swift; path = SampleHandler.swift; sourceTree = "<group>"; };
		8B0B7F3582C8C6F36EC2E23B /* Assets.xcassets */ = {isa = PBXFileReference; lastKnownFileType = folder.assetcatalog; path = Assets.xcassets; sourceTree = "<group>"; };
		9281FDC1DCBFB690D23631E7 /* SangamApp.swift */ = {isa = PBXFileReference; lastKnownFileType = sourcecode.swift; path = SangamApp.swift; sourceTree = "<group>"; };
		978911C6FFA40F9C1D762C5F /* Sangam.app */ = {isa = PBXFileReference; includeInIndex = 0; lastKnownFileType = wrapper.application; path = Sangam.app; sourceTree = BUILT_PRODUCTS_DIR; };
		97B74C1C95D53382ACA4E38A /* MeetingView.swift */ = {isa = PBXFileReference; lastKnownFileType = sourcecode.swift; path = MeetingView.swift; sourceTree = "<group>"; };
		98A2F3B310FD32E4E08810A8 /* SocketConnection.swift */ = {isa = PBXFileReference; lastKnownFileType = sourcecode.swift; path = SocketConnection.swift; sourceTree = "<group>"; };
		B0C991D47AFD16CAABED8B8D /* RootView.swift */ = {isa = PBXFileReference; lastKnownFileType = sourcecode.swift; path = RootView.swift; sourceTree = "<group>"; };
		BBEB4F7C9A8C2B066969F316 /* MeetingHub.swift */ = {isa = PBXFileReference; lastKnownFileType = sourcecode.swift; path = MeetingHub.swift; sourceTree = "<group>"; };
		C55AB411F65CE07234B0FF28 /* CallSessionManager.swift */ = {isa = PBXFileReference; lastKnownFileType = sourcecode.swift; path = CallSessionManager.swift; sourceTree = "<group>"; };
		D92020D258073CA69E8B28E7 /* PictureInPicture.swift */ = {isa = PBXFileReference; lastKnownFileType = sourcecode.swift; path = PictureInPicture.swift; sourceTree = "<group>"; };
		E010A4D7D521AEE84209E08C /* MeetingSounds.swift */ = {isa = PBXFileReference; lastKnownFileType = sourcecode.swift; path = MeetingSounds.swift; sourceTree = "<group>"; };
		E4A1842D7AEACAA5C83BD5BD /* JoinView.swift */ = {isa = PBXFileReference; lastKnownFileType = sourcecode.swift; path = JoinView.swift; sourceTree = "<group>"; };
		E6EABEC3E58B670AB3011ECA /* Info.plist */ = {isa = PBXFileReference; lastKnownFileType = text.plist; path = Info.plist; sourceTree = "<group>"; };
/* End PBXFileReference section */

/* Begin PBXFrameworksBuildPhase section */
		B643586E73D4E74363BF5F93 /* Frameworks */ = {
			isa = PBXFrameworksBuildPhase;
			buildActionMask = 2147483647;
			files = (
				8A41E847CA299F6D5566466D /* JitsiNativeCore in Frameworks */,
				0E8C33E8CF94EBEEBB7581C5 /* JitsiMedia in Frameworks */,
				D7E76F21778BED4F9B91B79E /* JitsiConference in Frameworks */,
				462CC651A92FED8750F6586C /* JitsiMeetSDK in Frameworks */,
			);
			runOnlyForDeploymentPostprocessing = 0;
		};
/* End PBXFrameworksBuildPhase section */

/* Begin PBXGroup section */
		49E2D903FCFA017137DFA806 /* Sources */ = {
			isa = PBXGroup;
			children = (
				193A237959FDD9FC7F773DFC /* AppSettings.swift */,
				C55AB411F65CE07234B0FF28 /* CallSessionManager.swift */,
				E4A1842D7AEACAA5C83BD5BD /* JoinView.swift */,
				5C87E2777CF1ACC3EA7731E2 /* MacScreenShareController.swift */,
				5498238E43B4CDE66DC56656 /* MeetingConfiguration.swift */,
				19074360D5D558EF60955DBD /* MeetingControlBar.swift */,
				570BA7976AA9D8EC8251C514 /* MeetingController.swift */,
				BBEB4F7C9A8C2B066969F316 /* MeetingHub.swift */,
				E010A4D7D521AEE84209E08C /* MeetingSounds.swift */,
				97B74C1C95D53382ACA4E38A /* MeetingView.swift */,
				6CFDD0ACBD1724A2A5DB4DBC /* NativeMeetingSurface.swift */,
				D92020D258073CA69E8B28E7 /* PictureInPicture.swift */,
				3A654D993AED191B14922972 /* PlatformMeetingSurface.swift */,
				3CD0E97233746E8E30D1B33D /* PollsPanel.swift */,
				60B69BC7F196A3DCB70124DC /* ReplayKitFrameReceiver.swift */,
				B0C991D47AFD16CAABED8B8D /* RootView.swift */,
				9281FDC1DCBFB690D23631E7 /* SangamApp.swift */,
			);
			path = Sources;
			sourceTree = "<group>";
		};
		7A71A6005ACD6C145F1BFF7B /* Products */ = {
			isa = PBXGroup;
			children = (
				978911C6FFA40F9C1D762C5F /* Sangam.app */,
				0F43CEDFACF4E584D9316019 /* SangamBroadcastExtension.appex */,
			);
			name = Products;
			sourceTree = "<group>";
		};
		95E76BE8FA78E4A7F1B0A94D /* SangamBroadcastExtension */ = {
			isa = PBXGroup;
			children = (
				710F14230F532246B2D7BEAA /* DarwinNotificationCenter.swift */,
				E6EABEC3E58B670AB3011ECA /* Info.plist */,
				8781C36A5DED9919CB53A627 /* SampleHandler.swift */,
				6CF4ABBA402C90522AE89350 /* SampleUploader.swift */,
				54B8FE7F270AED4C563B90C0 /* SangamBroadcastExtension.entitlements */,
				98A2F3B310FD32E4E08810A8 /* SocketConnection.swift */,
			);
			path = SangamBroadcastExtension;
			sourceTree = "<group>";
		};
		B347957D816C093261B8CCEC = {
			isa = PBXGroup;
			children = (
				C9F9AB59F45508DD2EE52EBC /* Packages */,
				DB0614245AA070302D14761A /* Sangam */,
				95E76BE8FA78E4A7F1B0A94D /* SangamBroadcastExtension */,
				7A71A6005ACD6C145F1BFF7B /* Products */,
			);
			sourceTree = "<group>";
		};
		C9F9AB59F45508DD2EE52EBC /* Packages */ = {
			isa = PBXGroup;
			children = (
				6C47228AA0D89D0A9C78F5E5 /* JitsiNativeCore */,
			);
			name = Packages;
			sourceTree = "<group>";
		};
		DB0614245AA070302D14761A /* Sangam */ = {
			isa = PBXGroup;
			children = (
				8B0B7F3582C8C6F36EC2E23B /* Assets.xcassets */,
				49E2D903FCFA017137DFA806 /* Sources */,
			);
			path = Sangam;
			sourceTree = "<group>";
		};
/* End PBXGroup section */

/* Begin PBXNativeTarget section */
		5244E52F5F3BB4C8D1373101 /* SangamBroadcastExtension */ = {
			isa = PBXNativeTarget;
			buildConfigurationList = DED451BC84AF418ADE07C0BE /* Build configuration list for PBXNativeTarget "SangamBroadcastExtension" */;
			buildPhases = (
				BE19D122BFFCAD054CD61417 /* Sources */,
			);
			buildRules = (
			);
			dependencies = (
			);
			name = SangamBroadcastExtension;
			packageProductDependencies = (
			);
			productName = SangamBroadcastExtension;
			productReference = 0F43CEDFACF4E584D9316019 /* SangamBroadcastExtension.appex */;
			productType = "com.apple.product-type.app-extension";
		};
		A764E58F0B46676E3DCF34DB /* Sangam */ = {
			isa = PBXNativeTarget;
			buildConfigurationList = 535732B46F0120C0A160EAAF /* Build configuration list for PBXNativeTarget "Sangam" */;
			buildPhases = (
				F9ADEC231E0FF9018E173EA0 /* Sources */,
				ADF6F2C378ABBCF0C632A7CA /* Resources */,
				B643586E73D4E74363BF5F93 /* Frameworks */,
				ED7DDE3C3E5838AA5C07908C /* Embed Foundation Extensions */,
			);
			buildRules = (
			);
			dependencies = (
				C4AE0661B58CE0AF4E035B2A /* PBXTargetDependency */,
			);
			name = Sangam;
			packageProductDependencies = (
				302E109F2207DCC9D637AAAB /* JitsiNativeCore */,
				D1C05CC97547E3D084834834 /* JitsiMedia */,
				B5F82B81FB7A40EBD4529E7A /* JitsiConference */,
				EE53558E2CBC14575E6E1CE4 /* JitsiMeetSDK */,
			);
			productName = Sangam;
			productReference = 978911C6FFA40F9C1D762C5F /* Sangam.app */;
			productType = "com.apple.product-type.application";
		};
/* End PBXNativeTarget section */

/* Begin PBXProject section */
		9068F62ED80BE3FE5C336CD9 /* Project object */ = {
			isa = PBXProject;
			attributes = {
				BuildIndependentTargetsInParallel = YES;
				LastUpgradeCheck = 2700;
				TargetAttributes = {
					5244E52F5F3BB4C8D1373101 = {
						DevelopmentTeam = 257KW9ZJFP;
					};
					A764E58F0B46676E3DCF34DB = {
						DevelopmentTeam = 257KW9ZJFP;
					};
				};
			};
			buildConfigurationList = 88789551A4F06EB5FC2AFD96 /* Build configuration list for PBXProject "Sangam" */;
			developmentRegion = en;
			hasScannedForEncodings = 0;
			knownRegions = (
				Base,
				en,
			);
			mainGroup = B347957D816C093261B8CCEC;
			minimizedProjectReferenceProxies = 1;
			packageReferences = (
				5E626B5F18B548A7DBC3897F /* XCRemoteSwiftPackageReference "jitsi-meet-ios-sdk-releases" */,
				4F8F34258CC746795AF08A8B /* XCLocalSwiftPackageReference "../packages/JitsiNativeCore" */,
			);
			preferredProjectObjectVersion = 77;
			productRefGroup = 7A71A6005ACD6C145F1BFF7B /* Products */;
			projectDirPath = "";
			projectRoot = "";
			targets = (
				A764E58F0B46676E3DCF34DB /* Sangam */,
				5244E52F5F3BB4C8D1373101 /* SangamBroadcastExtension */,
			);
		};
/* End PBXProject section */

/* Begin PBXResourcesBuildPhase section */
		ADF6F2C378ABBCF0C632A7CA /* Resources */ = {
			isa = PBXResourcesBuildPhase;
			buildActionMask = 2147483647;
			files = (
				049B0707E33317B12AE8B873 /* Assets.xcassets in Resources */,
			);
			runOnlyForDeploymentPostprocessing = 0;
		};
/* End PBXResourcesBuildPhase section */

/* Begin PBXSourcesBuildPhase section */
		BE19D122BFFCAD054CD61417 /* Sources */ = {
			isa = PBXSourcesBuildPhase;
			buildActionMask = 2147483647;
			files = (
				2CF021767085A0FEF44C2393 /* DarwinNotificationCenter.swift in Sources */,
				E8AA804C52E2CD45BF63C563 /* SampleHandler.swift in Sources */,
				11FABCE32120FA88F62D0B66 /* SampleUploader.swift in Sources */,
				88FDB53321D1DDAD7322DBBF /* SocketConnection.swift in Sources */,
			);
			runOnlyForDeploymentPostprocessing = 0;
		};
		F9ADEC231E0FF9018E173EA0 /* Sources */ = {
			isa = PBXSourcesBuildPhase;
			buildActionMask = 2147483647;
			files = (
				86DDF0ACBE53A67CBEF2AFC2 /* AppSettings.swift in Sources */,
				A20421A69544D4E3E835FD5F /* CallSessionManager.swift in Sources */,
				2A4AB97D81B6F1DDCEEF2FE8 /* JoinView.swift in Sources */,
				9B90CB41CDB264585024AD6F /* MacScreenShareController.swift in Sources */,
				2CA2D21263D4944E831AEC05 /* MeetingConfiguration.swift in Sources */,
				432E5BEC316DEF6417DA3781 /* MeetingControlBar.swift in Sources */,
				3AC7F4262007860171A451F6 /* MeetingController.swift in Sources */,
				252B380B1E0F6831D3FFB5B5 /* MeetingHub.swift in Sources */,
				CCE6710DC4171CF48B6568ED /* MeetingSounds.swift in Sources */,
				E041F8DB12FF01E298E96A9F /* MeetingView.swift in Sources */,
				65DD302DB8DCE3568F6F64C0 /* NativeMeetingSurface.swift in Sources */,
				634766FAB30DD092BF8E5B04 /* PictureInPicture.swift in Sources */,
				5BA33D29762719668331175D /* PlatformMeetingSurface.swift in Sources */,
				2097FAD13E0FF954E0D1A9FF /* PollsPanel.swift in Sources */,
				FBE603DE784F084E0EF8204A /* ReplayKitFrameReceiver.swift in Sources */,
				D351A4DE90E9B5D5424A6C02 /* RootView.swift in Sources */,
				9BDDCC110A2DBAF995A4BE31 /* SangamApp.swift in Sources */,
			);
			runOnlyForDeploymentPostprocessing = 0;
		};
/* End PBXSourcesBuildPhase section */

/* Begin PBXTargetDependency section */
		C4AE0661B58CE0AF4E035B2A /* PBXTargetDependency */ = {
			isa = PBXTargetDependency;
			platformFilters = (
				ios,
			);
			target = 5244E52F5F3BB4C8D1373101 /* SangamBroadcastExtension */;
			targetProxy = D253C9655C09188F4594F52D /* PBXContainerItemProxy */;
		};
/* End PBXTargetDependency section */

/* Begin XCBuildConfiguration section */
		14D69751A8C31823203D9C61 /* Debug */ = {
			isa = XCBuildConfiguration;
			buildSettings = {
				ALWAYS_SEARCH_USER_PATHS = NO;
				CLANG_ANALYZER_NONNULL = YES;
				CLANG_ANALYZER_NUMBER_OBJECT_CONVERSION = YES_AGGRESSIVE;
				CLANG_CXX_LANGUAGE_STANDARD = "gnu++14";
				CLANG_CXX_LIBRARY = "libc++";
				CLANG_ENABLE_MODULES = YES;
				CLANG_ENABLE_OBJC_ARC = YES;
				CLANG_ENABLE_OBJC_WEAK = YES;
				CLANG_WARN_BLOCK_CAPTURE_AUTORELEASING = YES;
				CLANG_WARN_BOOL_CONVERSION = YES;
				CLANG_WARN_COMMA = YES;
				CLANG_WARN_CONSTANT_CONVERSION = YES;
				CLANG_WARN_DEPRECATED_OBJC_IMPLEMENTATIONS = YES;
				CLANG_WARN_DIRECT_OBJC_ISA_USAGE = YES_ERROR;
				CLANG_WARN_DOCUMENTATION_COMMENTS = YES;
				CLANG_WARN_EMPTY_BODY = YES;
				CLANG_WARN_ENUM_CONVERSION = YES;
				CLANG_WARN_INFINITE_RECURSION = YES;
				CLANG_WARN_INT_CONVERSION = YES;
				CLANG_WARN_NON_LITERAL_NULL_CONVERSION = YES;
				CLANG_WARN_OBJC_IMPLICIT_RETAIN_SELF = YES;
				CLANG_WARN_OBJC_LITERAL_CONVERSION = YES;
				CLANG_WARN_OBJC_ROOT_CLASS = YES_ERROR;
				CLANG_WARN_QUOTED_INCLUDE_IN_FRAMEWORK_HEADER = YES;
				CLANG_WARN_RANGE_LOOP_ANALYSIS = YES;
				CLANG_WARN_STRICT_PROTOTYPES = YES;
				CLANG_WARN_SUSPICIOUS_MOVE = YES;
				CLANG_WARN_UNGUARDED_AVAILABILITY = YES_AGGRESSIVE;
				CLANG_WARN_UNREACHABLE_CODE = YES;
				CLANG_WARN__DUPLICATE_METHOD_MATCH = YES;
				COPY_PHASE_STRIP = NO;
				CURRENT_PROJECT_VERSION = 1;
				DEBUG_INFORMATION_FORMAT = dwarf;
				DEVELOPMENT_TEAM = 257KW9ZJFP;
				ENABLE_STRICT_OBJC_MSGSEND = YES;
				ENABLE_TESTABILITY = YES;
				ENABLE_USER_SCRIPT_SANDBOXING = YES;
				GCC_C_LANGUAGE_STANDARD = gnu11;
				GCC_DYNAMIC_NO_PIC = NO;
				GCC_NO_COMMON_BLOCKS = YES;
				GCC_OPTIMIZATION_LEVEL = 0;
				GCC_PREPROCESSOR_DEFINITIONS = (
					"$(inherited)",
					"DEBUG=1",
				);
				GCC_WARN_64_TO_32_BIT_CONVERSION = YES;
				GCC_WARN_ABOUT_RETURN_TYPE = YES_ERROR;
				GCC_WARN_UNDECLARED_SELECTOR = YES;
				GCC_WARN_UNINITIALIZED_AUTOS = YES_AGGRESSIVE;
				GCC_WARN_UNUSED_FUNCTION = YES;
				GCC_WARN_UNUSED_VARIABLE = YES;
				GENERATE_INFOPLIST_FILE = NO;
				IPHONEOS_DEPLOYMENT_TARGET = 17.0;
				MACOSX_DEPLOYMENT_TARGET = 14.0;
				MARKETING_VERSION = 0.1.0;
				MTL_ENABLE_DEBUG_INFO = INCLUDE_SOURCE;
				MTL_FAST_MATH = YES;
				ONLY_ACTIVE_ARCH = YES;
				PRODUCT_NAME = "$(TARGET_NAME)";
				SWIFT_ACTIVE_COMPILATION_CONDITIONS = DEBUG;
				SWIFT_DEFAULT_ACTOR_ISOLATION = MainActor;
				SWIFT_OPTIMIZATION_LEVEL = "-Onone";
				SWIFT_STRICT_CONCURRENCY = complete;
				SWIFT_VERSION = 6.4;
			};
			name = Debug;
		};
		18E645FB7AD59043F2E23C65 /* Debug */ = {
			isa = XCBuildConfiguration;
			buildSettings = {
				CODE_SIGN_ENTITLEMENTS = SangamBroadcastExtension/SangamBroadcastExtension.entitlements;
				INFOPLIST_FILE = SangamBroadcastExtension/Info.plist;
				LD_RUNPATH_SEARCH_PATHS = (
					"$(inherited)",
					"@executable_path/Frameworks",
					"@executable_path/../../Frameworks",
				);
				PRODUCT_BUNDLE_IDENTIFIER = com.twarge.sangam.broadcast;
				PRODUCT_NAME = SangamBroadcastExtension;
				SDKROOT = iphoneos;
				SKIP_INSTALL = YES;
				SWIFT_DEFAULT_ACTOR_ISOLATION = nonisolated;
				SWIFT_EMIT_LOC_STRINGS = YES;
				TARGETED_DEVICE_FAMILY = "1,2";
			};
			name = Debug;
		};
		64BF2DB31FF4102FF23D6352 /* Release */ = {
			isa = XCBuildConfiguration;
			buildSettings = {
				ALWAYS_EMBED_SWIFT_STANDARD_LIBRARIES = YES;
				ASSETCATALOG_COMPILER_APPICON_NAME = AppIcon;
				"CODE_SIGN_ENTITLEMENTS[sdk=iphoneos*]" = Sangam/SangamIOS.entitlements;
				"CODE_SIGN_ENTITLEMENTS[sdk=iphonesimulator*]" = Sangam/SangamIOS.entitlements;
				"CODE_SIGN_ENTITLEMENTS[sdk=macosx*]" = Sangam/SangamMac.entitlements;
				CODE_SIGN_IDENTITY = "iPhone Developer";
				ENABLE_BITCODE = NO;
				"INFOPLIST_FILE[sdk=iphoneos*]" = "Sangam/Info-iOS.plist";
				"INFOPLIST_FILE[sdk=iphonesimulator*]" = "Sangam/Info-iOS.plist";
				"INFOPLIST_FILE[sdk=macosx*]" = "Sangam/Info-macOS.plist";
				LD_RUNPATH_SEARCH_PATHS = (
					"$(inherited)",
					"@executable_path/Frameworks",
				);
				PRODUCT_BUNDLE_IDENTIFIER = com.twarge.sangam;
				PRODUCT_NAME = Sangam;
				SDKROOT = auto;
				SUPPORTED_PLATFORMS = "iphoneos iphonesimulator macosx";
				SUPPORTS_MACCATALYST = NO;
				SUPPORTS_MAC_DESIGNED_FOR_IPHONE_IPAD = NO;
				SUPPORTS_XR_DESIGNED_FOR_IPHONE_IPAD = YES;
				TARGETED_DEVICE_FAMILY = "1,2";
			};
			name = Release;
		};
		E38A5C075FF838FA86E1F46C /* Debug */ = {
			isa = XCBuildConfiguration;
			buildSettings = {
				ALWAYS_EMBED_SWIFT_STANDARD_LIBRARIES = YES;
				ASSETCATALOG_COMPILER_APPICON_NAME = AppIcon;
				"CODE_SIGN_ENTITLEMENTS[sdk=iphoneos*]" = Sangam/SangamIOS.entitlements;
				"CODE_SIGN_ENTITLEMENTS[sdk=iphonesimulator*]" = Sangam/SangamIOS.entitlements;
				"CODE_SIGN_ENTITLEMENTS[sdk=macosx*]" = Sangam/SangamMac.entitlements;
				CODE_SIGN_IDENTITY = "iPhone Developer";
				ENABLE_BITCODE = NO;
				"INFOPLIST_FILE[sdk=iphoneos*]" = "Sangam/Info-iOS.plist";
				"INFOPLIST_FILE[sdk=iphonesimulator*]" = "Sangam/Info-iOS.plist";
				"INFOPLIST_FILE[sdk=macosx*]" = "Sangam/Info-macOS.plist";
				LD_RUNPATH_SEARCH_PATHS = (
					"$(inherited)",
					"@executable_path/Frameworks",
				);
				PRODUCT_BUNDLE_IDENTIFIER = com.twarge.sangam;
				PRODUCT_NAME = Sangam;
				SDKROOT = auto;
				SUPPORTED_PLATFORMS = "iphoneos iphonesimulator macosx";
				SUPPORTS_MACCATALYST = NO;
				SUPPORTS_MAC_DESIGNED_FOR_IPHONE_IPAD = NO;
				SUPPORTS_XR_DESIGNED_FOR_IPHONE_IPAD = YES;
				TARGETED_DEVICE_FAMILY = "1,2";
			};
			name = Debug;
		};
		EB4F74B0BB4101F8FFA57603 /* Release */ = {
			isa = XCBuildConfiguration;
			buildSettings = {
				CODE_SIGN_ENTITLEMENTS = SangamBroadcastExtension/SangamBroadcastExtension.entitlements;
				INFOPLIST_FILE = SangamBroadcastExtension/Info.plist;
				LD_RUNPATH_SEARCH_PATHS = (
					"$(inherited)",
					"@executable_path/Frameworks",
					"@executable_path/../../Frameworks",
				);
				PRODUCT_BUNDLE_IDENTIFIER = com.twarge.sangam.broadcast;
				PRODUCT_NAME = SangamBroadcastExtension;
				SDKROOT = iphoneos;
				SKIP_INSTALL = YES;
				SWIFT_DEFAULT_ACTOR_ISOLATION = nonisolated;
				SWIFT_EMIT_LOC_STRINGS = YES;
				TARGETED_DEVICE_FAMILY = "1,2";
			};
			name = Release;
		};
		ECFA45932BAD836DCD8453CE /* Release */ = {
			isa = XCBuildConfiguration;
			buildSettings = {
				ALWAYS_SEARCH_USER_PATHS = NO;
				CLANG_ANALYZER_NONNULL = YES;
				CLANG_ANALYZER_NUMBER_OBJECT_CONVERSION = YES_AGGRESSIVE;
				CLANG_CXX_LANGUAGE_STANDARD = "gnu++14";
				CLANG_CXX_LIBRARY = "libc++";
				CLANG_ENABLE_MODULES = YES;
				CLANG_ENABLE_OBJC_ARC = YES;
				CLANG_ENABLE_OBJC_WEAK = YES;
				CLANG_WARN_BLOCK_CAPTURE_AUTORELEASING = YES;
				CLANG_WARN_BOOL_CONVERSION = YES;
				CLANG_WARN_COMMA = YES;
				CLANG_WARN_CONSTANT_CONVERSION = YES;
				CLANG_WARN_DEPRECATED_OBJC_IMPLEMENTATIONS = YES;
				CLANG_WARN_DIRECT_OBJC_ISA_USAGE = YES_ERROR;
				CLANG_WARN_DOCUMENTATION_COMMENTS = YES;
				CLANG_WARN_EMPTY_BODY = YES;
				CLANG_WARN_ENUM_CONVERSION = YES;
				CLANG_WARN_INFINITE_RECURSION = YES;
				CLANG_WARN_INT_CONVERSION = YES;
				CLANG_WARN_NON_LITERAL_NULL_CONVERSION = YES;
				CLANG_WARN_OBJC_IMPLICIT_RETAIN_SELF = YES;
				CLANG_WARN_OBJC_LITERAL_CONVERSION = YES;
				CLANG_WARN_OBJC_ROOT_CLASS = YES_ERROR;
				CLANG_WARN_QUOTED_INCLUDE_IN_FRAMEWORK_HEADER = YES;
				CLANG_WARN_RANGE_LOOP_ANALYSIS = YES;
				CLANG_WARN_STRICT_PROTOTYPES = YES;
				CLANG_WARN_SUSPICIOUS_MOVE = YES;
				CLANG_WARN_UNGUARDED_AVAILABILITY = YES_AGGRESSIVE;
				CLANG_WARN_UNREACHABLE_CODE = YES;
				CLANG_WARN__DUPLICATE_METHOD_MATCH = YES;
				COPY_PHASE_STRIP = NO;
				CURRENT_PROJECT_VERSION = 1;
				DEBUG_INFORMATION_FORMAT = "dwarf-with-dsym";
				DEVELOPMENT_TEAM = 257KW9ZJFP;
				ENABLE_NS_ASSERTIONS = NO;
				ENABLE_STRICT_OBJC_MSGSEND = YES;
				ENABLE_USER_SCRIPT_SANDBOXING = YES;
				GCC_C_LANGUAGE_STANDARD = gnu11;
				GCC_NO_COMMON_BLOCKS = YES;
				GCC_WARN_64_TO_32_BIT_CONVERSION = YES;
				GCC_WARN_ABOUT_RETURN_TYPE = YES_ERROR;
				GCC_WARN_UNDECLARED_SELECTOR = YES;
				GCC_WARN_UNINITIALIZED_AUTOS = YES_AGGRESSIVE;
				GCC_WARN_UNUSED_FUNCTION = YES;
				GCC_WARN_UNUSED_VARIABLE = YES;
				GENERATE_INFOPLIST_FILE = NO;
				IPHONEOS_DEPLOYMENT_TARGET = 17.0;
				MACOSX_DEPLOYMENT_TARGET = 14.0;
				MARKETING_VERSION = 0.1.0;
				MTL_ENABLE_DEBUG_INFO = NO;
				MTL_FAST_MATH = YES;
				PRODUCT_NAME = "$(TARGET_NAME)";
				SWIFT_COMPILATION_MODE = wholemodule;
				SWIFT_DEFAULT_ACTOR_ISOLATION = MainActor;
				SWIFT_OPTIMIZATION_LEVEL = "-O";
				SWIFT_STRICT_CONCURRENCY = complete;
				SWIFT_VERSION = 6.4;
			};
			name = Release;
		};
/* End XCBuildConfiguration section */

/* Begin XCConfigurationList section */
		535732B46F0120C0A160EAAF /* Build configuration list for PBXNativeTarget "Sangam" */ = {
			isa = XCConfigurationList;
			buildConfigurations = (
				E38A5C075FF838FA86E1F46C /* Debug */,
				64BF2DB31FF4102FF23D6352 /* Release */,
			);
			defaultConfigurationIsVisible = 0;
			defaultConfigurationName = Debug;
		};
		88789551A4F06EB5FC2AFD96 /* Build configuration list for PBXProject "Sangam" */ = {
			isa = XCConfigurationList;
			buildConfigurations = (
				14D69751A8C31823203D9C61 /* Debug */,
				ECFA45932BAD836DCD8453CE /* Release */,
			);
			defaultConfigurationIsVisible = 0;
			defaultConfigurationName = Debug;
		};
		DED451BC84AF418ADE07C0BE /* Build configuration list for PBXNativeTarget "SangamBroadcastExtension" */ = {
			isa = XCConfigurationList;
			buildConfigurations = (
				18E645FB7AD59043F2E23C65 /* Debug */,
				EB4F74B0BB4101F8FFA57603 /* Release */,
			);
			defaultConfigurationIsVisible = 0;
			defaultConfigurationName = Debug;
		};
/* End XCConfigurationList section */

/* Begin XCLocalSwiftPackageReference section */
		4F8F34258CC746795AF08A8B /* XCLocalSwiftPackageReference "../packages/JitsiNativeCore" */ = {
			isa = XCLocalSwiftPackageReference;
			relativePath = ../packages/JitsiNativeCore;
		};
/* End XCLocalSwiftPackageReference section */

/* Begin XCRemoteSwiftPackageReference section */
		5E626B5F18B548A7DBC3897F /* XCRemoteSwiftPackageReference "jitsi-meet-ios-sdk-releases" */ = {
			isa = XCRemoteSwiftPackageReference;
			repositoryURL = "https://github.com/jitsi/jitsi-meet-ios-sdk-releases.git";
			requirement = {
				kind = exactVersion;
				version = 13.1.1;
			};
		};
/* End XCRemoteSwiftPackageReference section */

/* Begin XCSwiftPackageProductDependency section */
		302E109F2207DCC9D637AAAB /* JitsiNativeCore */ = {
			isa = XCSwiftPackageProductDependency;
			productName = JitsiNativeCore;
		};
		B5F82B81FB7A40EBD4529E7A /* JitsiConference */ = {
			isa = XCSwiftPackageProductDependency;
			productName = JitsiConference;
		};
		D1C05CC97547E3D084834834 /* JitsiMedia */ = {
			isa = XCSwiftPackageProductDependency;
			productName = JitsiMedia;
		};
		EE53558E2CBC14575E6E1CE4 /* JitsiMeetSDK */ = {
			isa = XCSwiftPackageProductDependency;
			package = 5E626B5F18B548A7DBC3897F /* XCRemoteSwiftPackageReference "jitsi-meet-ios-sdk-releases" */;
			productName = JitsiMeetSDK;
		};
/* End XCSwiftPackageProductDependency section */
	};
	rootObject = 9068F62ED80BE3FE5C336CD9 /* Project object */;
}
